
Microsoft Visual Studio Solution File, Format Version 12.00
# Visual Studio Version 17
VisualStudioVersion = 17.8.34330.188
MinimumVisualStudioVersion = 10.0.40219.1
Project("{FAE04EC0-301F-11D3-BF4B-00C04F79EFBC}") = "Cik Tu daudz zini par kakiem", "Cik Tu daudz zini par kakiem.csproj", "{A760A5FE-4C71-4D6B-8BEE-DE84DDBB1D28}"
EndProject
Global
	GlobalSection(SolutionConfigurationPlatforms) = preSolution
		Debug|Any CPU = Debug|Any CPU
		Release|Any CPU = Release|Any CPU
	EndGlobalSection
	GlobalSection(ProjectConfigurationPlatforms) = postSolution
		{A760A5FE-4C71-4D6B-8BEE-DE84DDBB1D28}.Debug|Any CPU.ActiveCfg = Debug|Any CPU
		{A760A5FE-4C71-4D6B-8BEE-DE84DDBB1D28}.Debug|Any CPU.Build.0 = Debug|Any CPU
		{A760A5FE-4C71-4D6B-8BEE-DE84DDBB1D28}.Release|Any CPU.ActiveCfg = Release|Any CPU
		{A760A5FE-4C71-4D6B-8BEE-DE84DDBB1D28}.Release|Any CPU.Build.0 = Release|Any CPU
	EndGlobalSection
	GlobalSection(SolutionProperties) = preSolution
		HideSolutionNode = FALSE
	EndGlobalSection
	GlobalSection(ExtensibilityGlobals) = postSolution
		SolutionGuid = {2040EA63-407F-4588-91A1-C6A055F28AC6}
	EndGlobalSection
EndGlobal
